
Microsoft Visual Studio Solution File, Format Version 12.00
# Visual Studio Version 16
VisualStudioVersion = 16.0.31019.35
MinimumVisualStudioVersion = 10.0.40219.1
Project("{FAE04EC0-301F-11D3-BF4B-00C04F79EFBC}") = "WPF_Chat_App", "WPF_Chat_App\WPF_Chat_App.csproj", "{D081DF47-ABE0-4401-8CC0-76102A6BB5B4}"
EndProject
Global
	GlobalSection(SolutionConfigurationPlatforms) = preSolution
		Debug|Any CPU = Debug|Any CPU
		Release|Any CPU = Release|Any CPU
	EndGlobalSection
	GlobalSection(ProjectConfigurationPlatforms) = postSolution
		{D081DF47-ABE0-4401-8CC0-76102A6BB5B4}.Debug|Any CPU.ActiveCfg = Debug|Any CPU
		{D081DF47-ABE0-4401-8CC0-76102A6BB5B4}.Debug|Any CPU.Build.0 = Debug|Any CPU
		{D081DF47-ABE0-4401-8CC0-76102A6BB5B4}.Release|Any CPU.ActiveCfg = Release|Any CPU
		{D081DF47-ABE0-4401-8CC0-76102A6BB5B4}.Release|Any CPU.Build.0 = Release|Any CPU
	EndGlobalSection
	GlobalSection(SolutionProperties) = preSolution
		HideSolutionNode = FALSE
	EndGlobalSection
	GlobalSection(ExtensibilityGlobals) = postSolution
		SolutionGuid = {7434CA66-77F9-4475-975E-6CAB83B3B375}
	EndGlobalSection
EndGlobal
